
Microsoft Visual Studio Solution File, Format Version 12.00
# Visual Studio Version 16
VisualStudioVersion = 16.0.30011.22
MinimumVisualStudioVersion = 10.0.40219.1
Project("{9A19103F-16F7-4668-BE54-9A1E7A4F7556}") = "SignatureBase", "SignatureBase\SignatureBase\SignatureBase.csproj", "{FEE0A14C-9BAA-4651-A17B-B66605B10A3D}"
EndProject
Project("{FAE04EC0-301F-11D3-BF4B-00C04F79EFBC}") = "Test_in_console", "Test_in_console\Test_in_console.csproj", "{8CF1337D-3813-4C5A-87F1-3A980B5894CC}"
EndProject
Project("{FAE04EC0-301F-11D3-BF4B-00C04F79EFBC}") = "Scan", "Scan\Scan.csproj", "{D8353CD5-1CBB-47A0-9761-8B00F2350CF8}"
EndProject
Global
	GlobalSection(SolutionConfigurationPlatforms) = preSolution
		Debug|Any CPU = Debug|Any CPU
		Release|Any CPU = Release|Any CPU
	EndGlobalSection
	GlobalSection(ProjectConfigurationPlatforms) = postSolution
		{FEE0A14C-9BAA-4651-A17B-B66605B10A3D}.Debug|Any CPU.ActiveCfg = Debug|Any CPU
		{FEE0A14C-9BAA-4651-A17B-B66605B10A3D}.Debug|Any CPU.Build.0 = Debug|Any CPU
		{FEE0A14C-9BAA-4651-A17B-B66605B10A3D}.Release|Any CPU.ActiveCfg = Release|Any CPU
		{FEE0A14C-9BAA-4651-A17B-B66605B10A3D}.Release|Any CPU.Build.0 = Release|Any CPU
		{8CF1337D-3813-4C5A-87F1-3A980B5894CC}.Debug|Any CPU.ActiveCfg = Debug|Any CPU
		{8CF1337D-3813-4C5A-87F1-3A980B5894CC}.Debug|Any CPU.Build.0 = Debug|Any CPU
		{8CF1337D-3813-4C5A-87F1-3A980B5894CC}.Release|Any CPU.ActiveCfg = Release|Any CPU
		{8CF1337D-3813-4C5A-87F1-3A980B5894CC}.Release|Any CPU.Build.0 = Release|Any CPU
		{D8353CD5-1CBB-47A0-9761-8B00F2350CF8}.Debug|Any CPU.ActiveCfg = Debug|Any CPU
		{D8353CD5-1CBB-47A0-9761-8B00F2350CF8}.Debug|Any CPU.Build.0 = Debug|Any CPU
		{D8353CD5-1CBB-47A0-9761-8B00F2350CF8}.Release|Any CPU.ActiveCfg = Release|Any CPU
		{D8353CD5-1CBB-47A0-9761-8B00F2350CF8}.Release|Any CPU.Build.0 = Release|Any CPU
	EndGlobalSection
	GlobalSection(SolutionProperties) = preSolution
		HideSolutionNode = FALSE
	EndGlobalSection
	GlobalSection(ExtensibilityGlobals) = postSolution
		SolutionGuid = {09CC717F-0277-458B-86F7-870A03209E26}
	EndGlobalSection
EndGlobal
